
Microsoft Visual Studio Solution File, Format Version 12.00
# Visual Studio 15
VisualStudioVersion = 15.0.25807.0
MinimumVisualStudioVersion = 10.0.40219.1
Project("{2150E333-8FDC-42A3-9474-1A3956D46DE8}") = "Engine", "Engine", "{34BF0731-3A24-4614-834C-80881BE98D37}"
EndProject
Project("{2150E333-8FDC-42A3-9474-1A3956D46DE8}") = "Games", "Games", "{40AA85BC-64CC-46C3-8A65-49933823900B}"
EndProject
Project("{8BC9CEB8-8B4A-11D0-8D11-00A0C91BC942}") = "UE4", "Intermediate\ProjectFiles\UE4.vcxproj", "{2455E887-E5ED-4C1D-BE76-0932E11DE122}"
EndProject
Project("{8BC9CEB8-8B4A-11D0-8D11-00A0C91BC942}") = "Chapter9", "Intermediate\ProjectFiles\Chapter9.vcxproj", "{2B77BBA5-2B99-4402-8374-B9D0DE666356}"
EndProject
Global
	GlobalSection(SolutionConfigurationPlatforms) = preSolution
		DebugGame Editor|HTML5 = DebugGame Editor|HTML5
		DebugGame Editor|Win32 = DebugGame Editor|Win32
		DebugGame Editor|Win64 = DebugGame Editor|Win64
		DebugGame|HTML5 = DebugGame|HTML5
		DebugGame|Win32 = DebugGame|Win32
		DebugGame|Win64 = DebugGame|Win64
		Development Editor|HTML5 = Development Editor|HTML5
		Development Editor|Win32 = Development Editor|Win32
		Development Editor|Win64 = Development Editor|Win64
		Development|HTML5 = Development|HTML5
		Development|Win32 = Development|Win32
		Development|Win64 = Development|Win64
		Shipping|HTML5 = Shipping|HTML5
		Shipping|Win32 = Shipping|Win32
		Shipping|Win64 = Shipping|Win64
	EndGlobalSection
	GlobalSection(ProjectConfigurationPlatforms) = postSolution
		{2455E887-E5ED-4C1D-BE76-0932E11DE122}.DebugGame Editor|HTML5.ActiveCfg = BuiltWithUnrealBuildTool|Win32
		{2455E887-E5ED-4C1D-BE76-0932E11DE122}.DebugGame Editor|HTML5.Build.0 = BuiltWithUnrealBuildTool|Win32
		{2455E887-E5ED-4C1D-BE76-0932E11DE122}.DebugGame Editor|Win32.ActiveCfg = BuiltWithUnrealBuildTool|Win32
		{2455E887-E5ED-4C1D-BE76-0932E11DE122}.DebugGame Editor|Win32.Build.0 = BuiltWithUnrealBuildTool|Win32
		{2455E887-E5ED-4C1D-BE76-0932E11DE122}.DebugGame Editor|Win64.ActiveCfg = BuiltWithUnrealBuildTool|Win32
		{2455E887-E5ED-4C1D-BE76-0932E11DE122}.DebugGame Editor|Win64.Build.0 = BuiltWithUnrealBuildTool|Win32
		{2455E887-E5ED-4C1D-BE76-0932E11DE122}.DebugGame|HTML5.ActiveCfg = BuiltWithUnrealBuildTool|Win32
		{2455E887-E5ED-4C1D-BE76-0932E11DE122}.DebugGame|HTML5.Build.0 = BuiltWithUnrealBuildTool|Win32
		{2455E887-E5ED-4C1D-BE76-0932E11DE122}.DebugGame|Win32.ActiveCfg = BuiltWithUnrealBuildTool|Win32
		{2455E887-E5ED-4C1D-BE76-0932E11DE122}.DebugGame|Win32.Build.0 = BuiltWithUnrealBuildTool|Win32
		{2455E887-E5ED-4C1D-BE76-0932E11DE122}.DebugGame|Win64.ActiveCfg = BuiltWithUnrealBuildTool|Win32
		{2455E887-E5ED-4C1D-BE76-0932E11DE122}.DebugGame|Win64.Build.0 = BuiltWithUnrealBuildTool|Win32
		{2455E887-E5ED-4C1D-BE76-0932E11DE122}.Development Editor|HTML5.ActiveCfg = BuiltWithUnrealBuildTool|Win32
		{2455E887-E5ED-4C1D-BE76-0932E11DE122}.Development Editor|HTML5.Build.0 = BuiltWithUnrealBuildTool|Win32
		{2455E887-E5ED-4C1D-BE76-0932E11DE122}.Development Editor|Win32.ActiveCfg = BuiltWithUnrealBuildTool|Win32
		{2455E887-E5ED-4C1D-BE76-0932E11DE122}.Development Editor|Win32.Build.0 = BuiltWithUnrealBuildTool|Win32
		{2455E887-E5ED-4C1D-BE76-0932E11DE122}.Development Editor|Win64.ActiveCfg = BuiltWithUnrealBuildTool|Win32
		{2455E887-E5ED-4C1D-BE76-0932E11DE122}.Development Editor|Win64.Build.0 = BuiltWithUnrealBuildTool|Win32
		{2455E887-E5ED-4C1D-BE76-0932E11DE122}.Development|HTML5.ActiveCfg = BuiltWithUnrealBuildTool|Win32
		{2455E887-E5ED-4C1D-BE76-0932E11DE122}.Development|HTML5.Build.0 = BuiltWithUnrealBuildTool|Win32
		{2455E887-E5ED-4C1D-BE76-0932E11DE122}.Development|Win32.ActiveCfg = BuiltWithUnrealBuildTool|Win32
		{2455E887-E5ED-4C1D-BE76-0932E11DE122}.Development|Win32.Build.0 = BuiltWithUnrealBuildTool|Win32
		{2455E887-E5ED-4C1D-BE76-0932E11DE122}.Development|Win64.ActiveCfg = BuiltWithUnrealBuildTool|Win32
		{2455E887-E5ED-4C1D-BE76-0932E11DE122}.Development|Win64.Build.0 = BuiltWithUnrealBuildTool|Win32
		{2455E887-E5ED-4C1D-BE76-0932E11DE122}.Shipping|HTML5.ActiveCfg = BuiltWithUnrealBuildTool|Win32
		{2455E887-E5ED-4C1D-BE76-0932E11DE122}.Shipping|HTML5.Build.0 = BuiltWithUnrealBuildTool|Win32
		{2455E887-E5ED-4C1D-BE76-0932E11DE122}.Shipping|Win32.ActiveCfg = BuiltWithUnrealBuildTool|Win32
		{2455E887-E5ED-4C1D-BE76-0932E11DE122}.Shipping|Win32.Build.0 = BuiltWithUnrealBuildTool|Win32
		{2455E887-E5ED-4C1D-BE76-0932E11DE122}.Shipping|Win64.ActiveCfg = BuiltWithUnrealBuildTool|Win32
		{2455E887-E5ED-4C1D-BE76-0932E11DE122}.Shipping|Win64.Build.0 = BuiltWithUnrealBuildTool|Win32
		{2B77BBA5-2B99-4402-8374-B9D0DE666356}.DebugGame Editor|HTML5.ActiveCfg = HTML5_DebugGame_Editor|Win32
		{2B77BBA5-2B99-4402-8374-B9D0DE666356}.DebugGame Editor|Win32.ActiveCfg = DebugGame_Editor|Win32
		{2B77BBA5-2B99-4402-8374-B9D0DE666356}.DebugGame Editor|Win64.ActiveCfg = DebugGame_Editor|x64
		{2B77BBA5-2B99-4402-8374-B9D0DE666356}.DebugGame Editor|Win64.Build.0 = DebugGame_Editor|x64
		{2B77BBA5-2B99-4402-8374-B9D0DE666356}.DebugGame|HTML5.ActiveCfg = HTML5_DebugGame_Game|Win32
		{2B77BBA5-2B99-4402-8374-B9D0DE666356}.DebugGame|HTML5.Build.0 = HTML5_DebugGame_Game|Win32
		{2B77BBA5-2B99-4402-8374-B9D0DE666356}.DebugGame|Win32.ActiveCfg = DebugGame_Game|Win32
		{2B77BBA5-2B99-4402-8374-B9D0DE666356}.DebugGame|Win32.Build.0 = DebugGame_Game|Win32
		{2B77BBA5-2B99-4402-8374-B9D0DE666356}.DebugGame|Win64.ActiveCfg = DebugGame_Game|x64
		{2B77BBA5-2B99-4402-8374-B9D0DE666356}.DebugGame|Win64.Build.0 = DebugGame_Game|x64
		{2B77BBA5-2B99-4402-8374-B9D0DE666356}.Development Editor|HTML5.ActiveCfg = HTML5_Development_Editor|Win32
		{2B77BBA5-2B99-4402-8374-B9D0DE666356}.Development Editor|Win32.ActiveCfg = Development_Editor|Win32
		{2B77BBA5-2B99-4402-8374-B9D0DE666356}.Development Editor|Win64.ActiveCfg = Development_Editor|x64
		{2B77BBA5-2B99-4402-8374-B9D0DE666356}.Development Editor|Win64.Build.0 = Development_Editor|x64
		{2B77BBA5-2B99-4402-8374-B9D0DE666356}.Development|HTML5.ActiveCfg = HTML5_Development_Game|Win32
		{2B77BBA5-2B99-4402-8374-B9D0DE666356}.Development|HTML5.Build.0 = HTML5_Development_Game|Win32
		{2B77BBA5-2B99-4402-8374-B9D0DE666356}.Development|Win32.ActiveCfg = Development_Game|Win32
		{2B77BBA5-2B99-4402-8374-B9D0DE666356}.Development|Win32.Build.0 = Development_Game|Win32
		{2B77BBA5-2B99-4402-8374-B9D0DE666356}.Development|Win64.ActiveCfg = Development_Game|x64
		{2B77BBA5-2B99-4402-8374-B9D0DE666356}.Development|Win64.Build.0 = Development_Game|x64
		{2B77BBA5-2B99-4402-8374-B9D0DE666356}.Shipping|HTML5.ActiveCfg = HTML5_Shipping_Game|Win32
		{2B77BBA5-2B99-4402-8374-B9D0DE666356}.Shipping|HTML5.Build.0 = HTML5_Shipping_Game|Win32
		{2B77BBA5-2B99-4402-8374-B9D0DE666356}.Shipping|Win32.ActiveCfg = Shipping_Game|Win32
		{2B77BBA5-2B99-4402-8374-B9D0DE666356}.Shipping|Win32.Build.0 = Shipping_Game|Win32
		{2B77BBA5-2B99-4402-8374-B9D0DE666356}.Shipping|Win64.ActiveCfg = Shipping_Game|x64
		{2B77BBA5-2B99-4402-8374-B9D0DE666356}.Shipping|Win64.Build.0 = Shipping_Game|x64
	EndGlobalSection
	GlobalSection(SolutionProperties) = preSolution
		HideSolutionNode = FALSE
	EndGlobalSection
	GlobalSection(NestedProjects) = preSolution
		{2455E887-E5ED-4C1D-BE76-0932E11DE122} = {34BF0731-3A24-4614-834C-80881BE98D37}
		{2B77BBA5-2B99-4402-8374-B9D0DE666356} = {40AA85BC-64CC-46C3-8A65-49933823900B}
	EndGlobalSection
	GlobalSection(ExtensibilityGlobals) = postSolution
		SolutionGuid = {40D8C471-F2DA-4B05-82BE-D4F5A8F48047}
	EndGlobalSection
EndGlobal
